<?xml version="1.0" encoding="utf-8"?>
<Project ToolsVersion="4.0" xmlns="http://schemas.microsoft.com/developer/msbuild/2003">
  <ItemGroup>
    <ClCompile Include="src\pch.cpp" />
    <ClCompile Include="src\QRD\Debug\Logger.cpp" />
    <ClCompile Include="src\QRD\Debug\Timer.cpp" />
    <ClCompile Include="src\QRD\DBObjects\Field.cpp" />
    <ClCompile Include="src\QRD\DBObjects\Record.cpp" />
    <ClCompile Include="src\QRD\DBObjects\Table.cpp" />
    <ClCompile Include="src\QRD\Database.cpp" />
    <ClCompile Include="src\QRD\ExceptionHandlers\Exception.cpp" />
  </ItemGroup>
  <ItemGroup>
    <ClInclude Include="src\pch.h" />
    <ClInclude Include="src\Base.h" />
    <ClInclude Include="src\QRD\QRD.h" />
    <ClInclude Include="src\QRD\Debug\Logger.h" />
    <ClInclude Include="src\QRD\Debug\Timer.h" />
    <ClInclude Include="src\QRD\DBObjects\Table.h" />
    <ClInclude Include="src\QRD\DBObjects\Field.h" />
    <ClInclude Include="src\QRD\DBObjects\Record.h" />
    <ClInclude Include="src\QRD\Database.h" />
    <ClInclude Include="src\QRD\ExceptionHandlers\Exception.h" />
  </ItemGroup>
</Project>